
Microsoft Visual Studio Solution File, Format Version 12.00
# Visual Studio Version 16
VisualStudioVersion = 16.0.33927.289
MinimumVisualStudioVersion = 10.0.40219.1
Project("{FAE04EC0-301F-11D3-BF4B-00C04F79EFBC}") = "pansiyonuygulamasi", "pansiyonuygulamasi\pansiyonuygulamasi.csproj", "{826BF5EB-CDAF-47E3-9C42-F229CA2A6852}"
EndProject
Global
	GlobalSection(SolutionConfigurationPlatforms) = preSolution
		Debug|Any CPU = Debug|Any CPU
		Release|Any CPU = Release|Any CPU
	EndGlobalSection
	GlobalSection(ProjectConfigurationPlatforms) = postSolution
		{826BF5EB-CDAF-47E3-9C42-F229CA2A6852}.Debug|Any CPU.ActiveCfg = Debug|Any CPU
		{826BF5EB-CDAF-47E3-9C42-F229CA2A6852}.Debug|Any CPU.Build.0 = Debug|Any CPU
		{826BF5EB-CDAF-47E3-9C42-F229CA2A6852}.Release|Any CPU.ActiveCfg = Release|Any CPU
		{826BF5EB-CDAF-47E3-9C42-F229CA2A6852}.Release|Any CPU.Build.0 = Release|Any CPU
	EndGlobalSection
	GlobalSection(SolutionProperties) = preSolution
		HideSolutionNode = FALSE
	EndGlobalSection
	GlobalSection(ExtensibilityGlobals) = postSolution
		SolutionGuid = {EA2FF283-26EB-46BF-B0C8-727740A464E3}
	EndGlobalSection
EndGlobal
